
Microsoft Visual Studio Solution File, Format Version 12.00
# Visual Studio Version 16
VisualStudioVersion = 16.0.32630.194
MinimumVisualStudioVersion = 10.0.40219.1
Project("{FAE04EC0-301F-11D3-BF4B-00C04F79EFBC}") = "BasicMathComparisonOperations", "BasicMathComparisonOperations\BasicMathComparisonOperations.csproj", "{F955BF4D-2B71-4498-A7A3-BF1D7880EAB8}"
EndProject
Global
	GlobalSection(SolutionConfigurationPlatforms) = preSolution
		Debug|Any CPU = Debug|Any CPU
		Release|Any CPU = Release|Any CPU
	EndGlobalSection
	GlobalSection(ProjectConfigurationPlatforms) = postSolution
		{F955BF4D-2B71-4498-A7A3-BF1D7880EAB8}.Debug|Any CPU.ActiveCfg = Debug|Any CPU
		{F955BF4D-2B71-4498-A7A3-BF1D7880EAB8}.Debug|Any CPU.Build.0 = Debug|Any CPU
		{F955BF4D-2B71-4498-A7A3-BF1D7880EAB8}.Release|Any CPU.ActiveCfg = Release|Any CPU
		{F955BF4D-2B71-4498-A7A3-BF1D7880EAB8}.Release|Any CPU.Build.0 = Release|Any CPU
	EndGlobalSection
	GlobalSection(SolutionProperties) = preSolution
		HideSolutionNode = FALSE
	EndGlobalSection
	GlobalSection(ExtensibilityGlobals) = postSolution
		SolutionGuid = {F7F12E4F-8E6C-4C3A-A64D-619604B0AC33}
	EndGlobalSection
EndGlobal
