
Microsoft Visual Studio Solution File, Format Version 12.00
# Visual Studio Version 16
VisualStudioVersion = 16.0.32630.194
MinimumVisualStudioVersion = 10.0.40219.1
Project("{FAE04EC0-301F-11D3-BF4B-00C04F79EFBC}") = "ParsingEnumsSubAssignment", "ParsingEnumsSubAssignment\ParsingEnumsSubAssignment.csproj", "{C018E299-7BB6-4906-9655-D8E5267BC033}"
EndProject
Global
	GlobalSection(SolutionConfigurationPlatforms) = preSolution
		Debug|Any CPU = Debug|Any CPU
		Release|Any CPU = Release|Any CPU
	EndGlobalSection
	GlobalSection(ProjectConfigurationPlatforms) = postSolution
		{C018E299-7BB6-4906-9655-D8E5267BC033}.Debug|Any CPU.ActiveCfg = Debug|Any CPU
		{C018E299-7BB6-4906-9655-D8E5267BC033}.Debug|Any CPU.Build.0 = Debug|Any CPU
		{C018E299-7BB6-4906-9655-D8E5267BC033}.Release|Any CPU.ActiveCfg = Release|Any CPU
		{C018E299-7BB6-4906-9655-D8E5267BC033}.Release|Any CPU.Build.0 = Release|Any CPU
	EndGlobalSection
	GlobalSection(SolutionProperties) = preSolution
		HideSolutionNode = FALSE
	EndGlobalSection
	GlobalSection(ExtensibilityGlobals) = postSolution
		SolutionGuid = {DEF3D4C6-18DE-4044-8173-CDA0A9248D80}
	EndGlobalSection
EndGlobal
