
Microsoft Visual Studio Solution File, Format Version 12.00
# Visual Studio Version 16
VisualStudioVersion = 16.0.32630.194
MinimumVisualStudioVersion = 10.0.40219.1
Project("{FAE04EC0-301F-11D3-BF4B-00C04F79EFBC}") = "ElseIfStatementsChallenge", "ElseIfStatementsChallenge\ElseIfStatementsChallenge.csproj", "{683AE591-2160-4D3D-96A1-A3E3057A002A}"
EndProject
Global
	GlobalSection(SolutionConfigurationPlatforms) = preSolution
		Debug|Any CPU = Debug|Any CPU
		Release|Any CPU = Release|Any CPU
	EndGlobalSection
	GlobalSection(ProjectConfigurationPlatforms) = postSolution
		{683AE591-2160-4D3D-96A1-A3E3057A002A}.Debug|Any CPU.ActiveCfg = Debug|Any CPU
		{683AE591-2160-4D3D-96A1-A3E3057A002A}.Debug|Any CPU.Build.0 = Debug|Any CPU
		{683AE591-2160-4D3D-96A1-A3E3057A002A}.Release|Any CPU.ActiveCfg = Release|Any CPU
		{683AE591-2160-4D3D-96A1-A3E3057A002A}.Release|Any CPU.Build.0 = Release|Any CPU
	EndGlobalSection
	GlobalSection(SolutionProperties) = preSolution
		HideSolutionNode = FALSE
	EndGlobalSection
	GlobalSection(ExtensibilityGlobals) = postSolution
		SolutionGuid = {BCCDC680-E996-43AB-94A3-AA8E52531500}
	EndGlobalSection
EndGlobal
