
Microsoft Visual Studio Solution File, Format Version 12.00
# Visual Studio Version 16
VisualStudioVersion = 16.0.32630.194
MinimumVisualStudioVersion = 10.0.40219.1
Project("{FAE04EC0-301F-11D3-BF4B-00C04F79EFBC}") = "StructAssign", "StructAssign\StructAssign.csproj", "{B44BCFE2-8C38-4543-B907-AA176698B6DB}"
EndProject
Global
	GlobalSection(SolutionConfigurationPlatforms) = preSolution
		Debug|Any CPU = Debug|Any CPU
		Release|Any CPU = Release|Any CPU
	EndGlobalSection
	GlobalSection(ProjectConfigurationPlatforms) = postSolution
		{B44BCFE2-8C38-4543-B907-AA176698B6DB}.Debug|Any CPU.ActiveCfg = Debug|Any CPU
		{B44BCFE2-8C38-4543-B907-AA176698B6DB}.Debug|Any CPU.Build.0 = Debug|Any CPU
		{B44BCFE2-8C38-4543-B907-AA176698B6DB}.Release|Any CPU.ActiveCfg = Release|Any CPU
		{B44BCFE2-8C38-4543-B907-AA176698B6DB}.Release|Any CPU.Build.0 = Release|Any CPU
	EndGlobalSection
	GlobalSection(SolutionProperties) = preSolution
		HideSolutionNode = FALSE
	EndGlobalSection
	GlobalSection(ExtensibilityGlobals) = postSolution
		SolutionGuid = {5E4D730A-ED0C-42ED-BB90-9DECDFB9B89B}
	EndGlobalSection
EndGlobal
