
Microsoft Visual Studio Solution File, Format Version 12.00
# Visual Studio Version 16
VisualStudioVersion = 16.0.32630.194
MinimumVisualStudioVersion = 10.0.40219.1
Project("{FAE04EC0-301F-11D3-BF4B-00C04F79EFBC}") = "WebApplication2Core", "WebApplication2Core\WebApplication2Core.csproj", "{CF756B61-2CDA-44D0-8306-6957247B9837}"
EndProject
Global
	GlobalSection(SolutionConfigurationPlatforms) = preSolution
		Debug|Any CPU = Debug|Any CPU
		Release|Any CPU = Release|Any CPU
	EndGlobalSection
	GlobalSection(ProjectConfigurationPlatforms) = postSolution
		{CF756B61-2CDA-44D0-8306-6957247B9837}.Debug|Any CPU.ActiveCfg = Debug|Any CPU
		{CF756B61-2CDA-44D0-8306-6957247B9837}.Debug|Any CPU.Build.0 = Debug|Any CPU
		{CF756B61-2CDA-44D0-8306-6957247B9837}.Release|Any CPU.ActiveCfg = Release|Any CPU
		{CF756B61-2CDA-44D0-8306-6957247B9837}.Release|Any CPU.Build.0 = Release|Any CPU
	EndGlobalSection
	GlobalSection(SolutionProperties) = preSolution
		HideSolutionNode = FALSE
	EndGlobalSection
	GlobalSection(ExtensibilityGlobals) = postSolution
		SolutionGuid = {AB1F6D28-9E45-4262-913C-61B575537534}
	EndGlobalSection
EndGlobal
