
Microsoft Visual Studio Solution File, Format Version 12.00
# Visual Studio Version 16
VisualStudioVersion = 16.0.32630.194
MinimumVisualStudioVersion = 10.0.40219.1
Project("{FAE04EC0-301F-11D3-BF4B-00C04F79EFBC}") = "TwentyOneCardGameExample", "TwentyOneCardGameExample\TwentyOneCardGameExample.csproj", "{4EAB8EDE-9BC8-439E-A76B-18B9A6F6BF6B}"
EndProject
Project("{FAE04EC0-301F-11D3-BF4B-00C04F79EFBC}") = "Casino", "Casino\Casino.csproj", "{5C44A47E-AA8C-4066-BA2E-EA7212C4B26C}"
EndProject
Global
	GlobalSection(SolutionConfigurationPlatforms) = preSolution
		Debug|Any CPU = Debug|Any CPU
		Release|Any CPU = Release|Any CPU
	EndGlobalSection
	GlobalSection(ProjectConfigurationPlatforms) = postSolution
		{4EAB8EDE-9BC8-439E-A76B-18B9A6F6BF6B}.Debug|Any CPU.ActiveCfg = Debug|Any CPU
		{4EAB8EDE-9BC8-439E-A76B-18B9A6F6BF6B}.Debug|Any CPU.Build.0 = Debug|Any CPU
		{4EAB8EDE-9BC8-439E-A76B-18B9A6F6BF6B}.Release|Any CPU.ActiveCfg = Release|Any CPU
		{4EAB8EDE-9BC8-439E-A76B-18B9A6F6BF6B}.Release|Any CPU.Build.0 = Release|Any CPU
		{5C44A47E-AA8C-4066-BA2E-EA7212C4B26C}.Debug|Any CPU.ActiveCfg = Debug|Any CPU
		{5C44A47E-AA8C-4066-BA2E-EA7212C4B26C}.Debug|Any CPU.Build.0 = Debug|Any CPU
		{5C44A47E-AA8C-4066-BA2E-EA7212C4B26C}.Release|Any CPU.ActiveCfg = Release|Any CPU
		{5C44A47E-AA8C-4066-BA2E-EA7212C4B26C}.Release|Any CPU.Build.0 = Release|Any CPU
	EndGlobalSection
	GlobalSection(SolutionProperties) = preSolution
		HideSolutionNode = FALSE
	EndGlobalSection
	GlobalSection(ExtensibilityGlobals) = postSolution
		SolutionGuid = {93669F59-BE9C-4FED-9C16-402A3A76E6DB}
	EndGlobalSection
EndGlobal
