
Microsoft Visual Studio Solution File, Format Version 12.00
# Visual Studio Version 16
VisualStudioVersion = 16.0.32630.194
MinimumVisualStudioVersion = 10.0.40219.1
Project("{FAE04EC0-301F-11D3-BF4B-00C04F79EFBC}") = "ExceptionHandlingExample", "ExceptionHandlingExample\ExceptionHandlingExample.csproj", "{5B9775A0-709A-44F9-8C80-F777391BE603}"
EndProject
Global
	GlobalSection(SolutionConfigurationPlatforms) = preSolution
		Debug|Any CPU = Debug|Any CPU
		Release|Any CPU = Release|Any CPU
	EndGlobalSection
	GlobalSection(ProjectConfigurationPlatforms) = postSolution
		{5B9775A0-709A-44F9-8C80-F777391BE603}.Debug|Any CPU.ActiveCfg = Debug|Any CPU
		{5B9775A0-709A-44F9-8C80-F777391BE603}.Debug|Any CPU.Build.0 = Debug|Any CPU
		{5B9775A0-709A-44F9-8C80-F777391BE603}.Release|Any CPU.ActiveCfg = Release|Any CPU
		{5B9775A0-709A-44F9-8C80-F777391BE603}.Release|Any CPU.Build.0 = Release|Any CPU
	EndGlobalSection
	GlobalSection(SolutionProperties) = preSolution
		HideSolutionNode = FALSE
	EndGlobalSection
	GlobalSection(ExtensibilityGlobals) = postSolution
		SolutionGuid = {0DA80223-E766-41F2-8BCF-162A99E72BC3}
	EndGlobalSection
EndGlobal
