
Microsoft Visual Studio Solution File, Format Version 12.00
# Visual Studio Version 16
VisualStudioVersion = 16.0.32630.194
MinimumVisualStudioVersion = 10.0.40219.1
Project("{FAE04EC0-301F-11D3-BF4B-00C04F79EFBC}") = "ConstructorSubAssignment", "ConstructorSubAssignment\ConstructorSubAssignment.csproj", "{7E85B7E7-50F2-4534-B57F-799E76B76477}"
EndProject
Global
	GlobalSection(SolutionConfigurationPlatforms) = preSolution
		Debug|Any CPU = Debug|Any CPU
		Release|Any CPU = Release|Any CPU
	EndGlobalSection
	GlobalSection(ProjectConfigurationPlatforms) = postSolution
		{7E85B7E7-50F2-4534-B57F-799E76B76477}.Debug|Any CPU.ActiveCfg = Debug|Any CPU
		{7E85B7E7-50F2-4534-B57F-799E76B76477}.Debug|Any CPU.Build.0 = Debug|Any CPU
		{7E85B7E7-50F2-4534-B57F-799E76B76477}.Release|Any CPU.ActiveCfg = Release|Any CPU
		{7E85B7E7-50F2-4534-B57F-799E76B76477}.Release|Any CPU.Build.0 = Release|Any CPU
	EndGlobalSection
	GlobalSection(SolutionProperties) = preSolution
		HideSolutionNode = FALSE
	EndGlobalSection
	GlobalSection(ExtensibilityGlobals) = postSolution
		SolutionGuid = {2FEB4BCB-631E-439E-8AC0-739345728FDB}
	EndGlobalSection
EndGlobal
