
Microsoft Visual Studio Solution File, Format Version 12.00
# Visual Studio Version 16
VisualStudioVersion = 16.0.32630.194
MinimumVisualStudioVersion = 10.0.40219.1
Project("{FAE04EC0-301F-11D3-BF4B-00C04F79EFBC}") = "MethodSubVoidandStatic", "MethodSubVoidandStatic\MethodSubVoidandStatic.csproj", "{479BE15D-A108-47DA-9B26-B6D0EDED6D77}"
EndProject
Global
	GlobalSection(SolutionConfigurationPlatforms) = preSolution
		Debug|Any CPU = Debug|Any CPU
		Release|Any CPU = Release|Any CPU
	EndGlobalSection
	GlobalSection(ProjectConfigurationPlatforms) = postSolution
		{479BE15D-A108-47DA-9B26-B6D0EDED6D77}.Debug|Any CPU.ActiveCfg = Debug|Any CPU
		{479BE15D-A108-47DA-9B26-B6D0EDED6D77}.Debug|Any CPU.Build.0 = Debug|Any CPU
		{479BE15D-A108-47DA-9B26-B6D0EDED6D77}.Release|Any CPU.ActiveCfg = Release|Any CPU
		{479BE15D-A108-47DA-9B26-B6D0EDED6D77}.Release|Any CPU.Build.0 = Release|Any CPU
	EndGlobalSection
	GlobalSection(SolutionProperties) = preSolution
		HideSolutionNode = FALSE
	EndGlobalSection
	GlobalSection(ExtensibilityGlobals) = postSolution
		SolutionGuid = {B2BAE38F-EBA6-4A14-BA2F-D91C114105FE}
	EndGlobalSection
EndGlobal
