
Microsoft Visual Studio Solution File, Format Version 12.00
# Visual Studio Version 16
VisualStudioVersion = 16.0.32630.194
MinimumVisualStudioVersion = 10.0.40219.1
Project("{FAE04EC0-301F-11D3-BF4B-00C04F79EFBC}") = "myConsoleProject.cs", "myConsoleProject.cs\myConsoleProject.cs.csproj", "{7FCCD813-8F49-42A3-AA8C-5C39B9D7EA5B}"
EndProject
Global
	GlobalSection(SolutionConfigurationPlatforms) = preSolution
		Debug|Any CPU = Debug|Any CPU
		Release|Any CPU = Release|Any CPU
	EndGlobalSection
	GlobalSection(ProjectConfigurationPlatforms) = postSolution
		{7FCCD813-8F49-42A3-AA8C-5C39B9D7EA5B}.Debug|Any CPU.ActiveCfg = Debug|Any CPU
		{7FCCD813-8F49-42A3-AA8C-5C39B9D7EA5B}.Debug|Any CPU.Build.0 = Debug|Any CPU
		{7FCCD813-8F49-42A3-AA8C-5C39B9D7EA5B}.Release|Any CPU.ActiveCfg = Release|Any CPU
		{7FCCD813-8F49-42A3-AA8C-5C39B9D7EA5B}.Release|Any CPU.Build.0 = Release|Any CPU
	EndGlobalSection
	GlobalSection(SolutionProperties) = preSolution
		HideSolutionNode = FALSE
	EndGlobalSection
	GlobalSection(ExtensibilityGlobals) = postSolution
		SolutionGuid = {D8A095EC-6E8D-463B-B2B1-5145997008DB}
	EndGlobalSection
EndGlobal
