
Microsoft Visual Studio Solution File, Format Version 12.00
# Visual Studio Version 16
VisualStudioVersion = 16.0.32630.194
MinimumVisualStudioVersion = 10.0.40219.1
Project("{FAE04EC0-301F-11D3-BF4B-00C04F79EFBC}") = "BranchingSubmissionAssignment", "BranchingSubmissionAssignment\BranchingSubmissionAssignment.csproj", "{7EA7F7BD-A0F9-41A2-A1D9-565F5044F293}"
EndProject
Global
	GlobalSection(SolutionConfigurationPlatforms) = preSolution
		Debug|Any CPU = Debug|Any CPU
		Release|Any CPU = Release|Any CPU
	EndGlobalSection
	GlobalSection(ProjectConfigurationPlatforms) = postSolution
		{7EA7F7BD-A0F9-41A2-A1D9-565F5044F293}.Debug|Any CPU.ActiveCfg = Debug|Any CPU
		{7EA7F7BD-A0F9-41A2-A1D9-565F5044F293}.Debug|Any CPU.Build.0 = Debug|Any CPU
		{7EA7F7BD-A0F9-41A2-A1D9-565F5044F293}.Release|Any CPU.ActiveCfg = Release|Any CPU
		{7EA7F7BD-A0F9-41A2-A1D9-565F5044F293}.Release|Any CPU.Build.0 = Release|Any CPU
	EndGlobalSection
	GlobalSection(SolutionProperties) = preSolution
		HideSolutionNode = FALSE
	EndGlobalSection
	GlobalSection(ExtensibilityGlobals) = postSolution
		SolutionGuid = {2FD3EBF6-7A09-480C-8A95-B4F94AE09B47}
	EndGlobalSection
EndGlobal
